
Microsoft Visual Studio Solution File, Format Version 12.00
# Visual Studio Version 16
VisualStudioVersion = 16.0.29709.97
MinimumVisualStudioVersion = 10.0.40219.1
Project("{9A19103F-16F7-4668-BE54-9A1E7A4F7556}") = "OnlineRoulette.Api", "OnlineRoulette\OnlineRoulette.Api.csproj", "{B76BEBE3-BB21-4D12-A845-4AF8B3313993}"
EndProject
Project("{9A19103F-16F7-4668-BE54-9A1E7A4F7556}") = "OnlineRoulette.Application", "OnlineRoulette.Application\OnlineRoulette.Application.csproj", "{673951FD-54AE-442D-95EF-F382723AC9F4}"
EndProject
Project("{9A19103F-16F7-4668-BE54-9A1E7A4F7556}") = "OnlineRoulette.Domain", "OnlineRoulette.Domain\OnlineRoulette.Domain.csproj", "{522D5F8B-120C-4432-84BF-ADE38900E677}"
EndProject
Project("{9A19103F-16F7-4668-BE54-9A1E7A4F7556}") = "OnlineRoulette.Infrastructure", "OnlineRoulette.Infrastructure\OnlineRoulette.Infrastructure.csproj", "{463F8310-06F4-433C-AC7F-7F38134EEC59}"
EndProject
Global
	GlobalSection(SolutionConfigurationPlatforms) = preSolution
		Debug|Any CPU = Debug|Any CPU
		Release|Any CPU = Release|Any CPU
	EndGlobalSection
	GlobalSection(ProjectConfigurationPlatforms) = postSolution
		{B76BEBE3-BB21-4D12-A845-4AF8B3313993}.Debug|Any CPU.ActiveCfg = Debug|Any CPU
		{B76BEBE3-BB21-4D12-A845-4AF8B3313993}.Debug|Any CPU.Build.0 = Debug|Any CPU
		{B76BEBE3-BB21-4D12-A845-4AF8B3313993}.Release|Any CPU.ActiveCfg = Release|Any CPU
		{B76BEBE3-BB21-4D12-A845-4AF8B3313993}.Release|Any CPU.Build.0 = Release|Any CPU
		{673951FD-54AE-442D-95EF-F382723AC9F4}.Debug|Any CPU.ActiveCfg = Debug|Any CPU
		{673951FD-54AE-442D-95EF-F382723AC9F4}.Debug|Any CPU.Build.0 = Debug|Any CPU
		{673951FD-54AE-442D-95EF-F382723AC9F4}.Release|Any CPU.ActiveCfg = Release|Any CPU
		{673951FD-54AE-442D-95EF-F382723AC9F4}.Release|Any CPU.Build.0 = Release|Any CPU
		{522D5F8B-120C-4432-84BF-ADE38900E677}.Debug|Any CPU.ActiveCfg = Debug|Any CPU
		{522D5F8B-120C-4432-84BF-ADE38900E677}.Debug|Any CPU.Build.0 = Debug|Any CPU
		{522D5F8B-120C-4432-84BF-ADE38900E677}.Release|Any CPU.ActiveCfg = Release|Any CPU
		{522D5F8B-120C-4432-84BF-ADE38900E677}.Release|Any CPU.Build.0 = Release|Any CPU
		{463F8310-06F4-433C-AC7F-7F38134EEC59}.Debug|Any CPU.ActiveCfg = Debug|Any CPU
		{463F8310-06F4-433C-AC7F-7F38134EEC59}.Debug|Any CPU.Build.0 = Debug|Any CPU
		{463F8310-06F4-433C-AC7F-7F38134EEC59}.Release|Any CPU.ActiveCfg = Release|Any CPU
		{463F8310-06F4-433C-AC7F-7F38134EEC59}.Release|Any CPU.Build.0 = Release|Any CPU
	EndGlobalSection
	GlobalSection(SolutionProperties) = preSolution
		HideSolutionNode = FALSE
	EndGlobalSection
	GlobalSection(ExtensibilityGlobals) = postSolution
		SolutionGuid = {63C44EE2-3C22-4A98-A8BF-16587A083E2C}
	EndGlobalSection
EndGlobal
